<?xml version="1.0" encoding="utf-8"?>
<Project ToolsVersion="4.0" xmlns="http://schemas.microsoft.com/developer/msbuild/2003">
  <ItemGroup>
    <FxCompile Include="Resource\Shader\AnimationVShader.hlsl" />
    <FxCompile Include="Resource\Shader\BlurComputeH.hlsl" />
    <FxCompile Include="Resource\Shader\BlurComputeV.hlsl" />
    <FxCompile Include="Resource\Shader\DeferredAmbientPShader.hlsl" />
    <FxCompile Include="Resource\Shader\DeferredVertexShader.hlsl" />
    <FxCompile Include="Resource\Shader\DefferedGbufferPShader.hlsl" />
    <FxCompile Include="Resource\Shader\DefferedLightPShader.hlsl" />
    <FxCompile Include="Resource\Shader\LightGeometry.hlsl" />
    <FxCompile Include="Resource\Shader\ParticleCompute.hlsl" />
    <FxCompile Include="Resource\Shader\ParticleComputeEmit.hlsl" />
    <FxCompile Include="Resource\Shader\ParticleGeometry.hlsl" />
    <FxCompile Include="Resource\Shader\ParticleVShader.hlsl" />
    <FxCompile Include="Resource\Shader\ShadowPShader.hlsl" />
    <FxCompile Include="Resource\Shader\SimplePShader.hlsl" />
    <FxCompile Include="Resource\Shader\SimpleVShader.hlsl" />
  </ItemGroup>
  <ItemGroup>
    <ClCompile Include="Dependencies\ImGUI\imgui.cpp" />
    <ClCompile Include="Dependencies\ImGUI\imgui_demo.cpp" />
    <ClCompile Include="Dependencies\ImGUI\imgui_draw.cpp" />
    <ClCompile Include="Dependencies\ImGUI\imgui_impl_dx11.cpp" />
    <ClCompile Include="Dependencies\ImGUI\imgui_impl_win32.cpp" />
    <ClCompile Include="Dependencies\ImGUI\imgui_widgets.cpp" />
    <ClCompile Include="Dependencies\jsoncpp\jsoncpp.cpp" />
    <ClCompile Include="Manager\PuzzleManager.cpp" />
    <ClCompile Include="Source\Entity\Boss1.cpp" />
    <ClCompile Include="Source\Entity\Charger.cpp" />
    <ClCompile Include="Source\Entity\EBullet.cpp" />
    <ClCompile Include="Source\Entity\Guidebox.cpp" />
    <ClCompile Include="Source\Entity\LootDrop.cpp" />
    <ClCompile Include="Source\Entity\Pathfinder.cpp" />
    <ClCompile Include="Source\Entity\Pillar.cpp" />
    <ClCompile Include="Source\Entity\PuzzleTile.cpp" />
    <ClCompile Include="Source\Entity\Shooter.cpp" />
    <ClCompile Include="Source\Entity\Switch.cpp" />
    <ClCompile Include="Source\Graphics\UI\IUI.cpp" />
    <ClCompile Include="Manager\EventManager.cpp" />
    <ClCompile Include="Manager\GameStateManager.cpp" />
    <ClCompile Include="Manager\AudioManager.cpp" />
    <ClCompile Include="Manager\ImGUIManager.cpp" />
    <ClCompile Include="Manager\LevelEditor.cpp" />
    <ClCompile Include="Manager\UIManager.cpp" />
    <ClCompile Include="Source\Audio\AudioSystem.cpp" />
    <ClCompile Include="Source\Components\LightDetail.cpp" />
    <ClCompile Include="Source\Entity\Block.cpp" />
    <ClCompile Include="Source\Entity\Bullet.cpp" />
    <ClCompile Include="Source\Entity\Collider.cpp" />
    <ClCompile Include="Source\Entity\DirectLight.cpp" />
    <ClCompile Include="Source\Entity\Enemy.cpp" />
    <ClCompile Include="Source\Entity\Entity.cpp" />
    <ClCompile Include="Source\Entity\Floor.cpp" />
    <ClCompile Include="Source\Entity\HealthBar.cpp" />
    <ClCompile Include="Source\Entity\Platform.cpp" />
    <ClCompile Include="Source\Entity\Player.cpp" />
    <ClCompile Include="Source\Entity\PointLight.cpp" />
    <ClCompile Include="Source\Entity\Seeker.cpp" />
    <ClCompile Include="Source\Entity\SeekerBox.cpp" />
    <ClCompile Include="Source\Entity\SpotBox.cpp" />
    <ClCompile Include="Source\Entity\SpotLight.cpp" />
    <ClCompile Include="Source\Entity\TimeBar.cpp" />
    <ClCompile Include="Source\Entity\ViewBox.cpp" />
    <ClCompile Include="Source\Entity\WEnemy.cpp" />
    <ClCompile Include="Source\GameObject.cpp" />
    <ClCompile Include="Source\Graphics\DeferredRendering\DeferredRendering.cpp" />
    <ClCompile Include="Source\Graphics\GraphicsManagerHelper.cpp" />
    <ClCompile Include="Source\Graphics\ShadowShading\Shadow.cpp" />
    <ClCompile Include="Source\Components\Animation.cpp" />
    <ClCompile Include="Manager\CollisionManager.cpp" />
    <ClCompile Include="Manager\GameObjectManager.cpp" />
    <ClCompile Include="Manager\MemoryManager.cpp" />
    <ClCompile Include="Manager\ObjectFactoryManager.cpp" />
    <ClCompile Include="Manager\PhysicsManager.cpp" />
    <ClCompile Include="Manager\ResourceManager.cpp" />
    <ClCompile Include="Source\Events\DestroyEvent.cpp" />
    <ClCompile Include="Source\Events\MoveEvent.cpp" />
    <ClCompile Include="Source\Graphics\Animation\AnimationClips.cpp" />
    <ClCompile Include="Source\Graphics\Animation\AnimationChannel.cpp" />
    <ClCompile Include="Source\Graphics\Animation\BoneNode.cpp" />
    <ClCompile Include="Source\Graphics\Light.cpp" />
    <ClCompile Include="Manager\DXInputManager.cpp" />
    <ClCompile Include="Source\Components\Asset.cpp" />
    <ClCompile Include="Source\Components\Body.cpp" />
    <ClCompile Include="Source\Components\Component.cpp" />
    <ClCompile Include="Source\Components\Controller.cpp" />
    <ClCompile Include="Source\Components\Transform.cpp" />
    <ClCompile Include="Source\Graphics\Camera.cpp" />
    <ClCompile Include="Source\Graphics\DirectXHandler.cpp" />
    <ClCompile Include="Source\Graphics\DXObject.cpp" />
    <ClCompile Include="Source\Graphics\DXShader.cpp" />
    <ClCompile Include="Source\Graphics\DXTexture.cpp" />
    <ClCompile Include="Source\Inventory\Armor.cpp" />
    <ClCompile Include="Source\Inventory\Gear.cpp" />
    <ClCompile Include="Source\Inventory\Weapon.cpp" />
    <ClCompile Include="Source\Inventory\WeaponEffects\BurningW.cpp" />
    <ClCompile Include="Source\Inventory\WeaponEffects\LightningW.cpp" />
    <ClCompile Include="Source\Inventory\WeaponEffects\WeaponEffects.cpp" />
    <ClCompile Include="Source\main.cpp" />
    <ClCompile Include="Manager\GraphicsManager.cpp" />
    <ClCompile Include="Manager\TimerManager.cpp" />
    <ClCompile Include="Source\pch.cpp" />
    <ClCompile Include="Source\Util\Math.cpp" />
    <ClCompile Include="Source\Graphics\Shape.cpp" />
    <ClCompile Include="Source\Engine.cpp" />
    <ClCompile Include="Source\Util\ShapeX.cpp" />
    <ClCompile Include="Source\Util\SpatialGrid.cpp" />
    <ClCompile Include="Source\Util\Vector3D.cpp" />
    <ClCompile Include="Source\Graphics\UI\UIObject.cpp" />
    <ClCompile Include="Source\Inventory\WeaponEffects\FreezingW.cpp" />
    <ClCompile Include="Source\Events\HitEvent.cpp" />
    <ClCompile Include="Source\Events\EffectDamage.cpp" />
    <ClCompile Include="Source\Events\LootdropEvent.cpp" />
    <ClCompile Include="Source\Events\ChangeEquippedEffect.cpp" />
    <ClCompile Include="Source\Entity\Exploder.cpp" />
    <ClCompile Include="Manager\ParticleManager.cpp" />
    <ClCompile Include="Source\GameStates\PauseState.cpp" />
    <ClCompile Include="Source\GameStates\PlayState.cpp" />
    <ClCompile Include="Source\Entity\Right.cpp" />
    <ClCompile Include="Source\Entity\Left.cpp" />
    <ClCompile Include="Source\Entity\Visible_Box.cpp" />
    <ClCompile Include="Source\Entity\LP.cpp" />
    <ClCompile Include="Source\Entity\RP.cpp" />
    <ClCompile Include="Source\Entity\Hint.cpp" />
    <ClCompile Include="Source\Entity\Gate.cpp" />
    <ClCompile Include="Source\Entity\Padding.cpp" />
    <ClCompile Include="Source\Events\CollisionEvent.cpp" />
    <ClCompile Include="Source\Entity\Door.cpp" />
    <ClCompile Include="Source\Entity\ConditionBox.cpp" />
    <ClCompile Include="Source\Entity\Stopper.cpp" />
    <ClCompile Include="Source\Entity\MovingPlatform.cpp" />
    <ClCompile Include="Source\Entity\Menu.cpp" />
    <ClCompile Include="Source\Entity\Credits.cpp" />
    <ClCompile Include="Source\Entity\Intro.cpp" />
    <ClCompile Include="Source\Entity\LevelSwitch.cpp" />
    <ClCompile Include="Source\Entity\Tree.cpp" />
    <ClCompile Include="Source\Entity\Boss2.cpp" />
  </ItemGroup>
  <ItemGroup>
    <ClInclude Include="Dependencies\ImGUI\imconfig.h" />
    <ClInclude Include="Dependencies\ImGUI\imgui.h" />
    <ClInclude Include="Dependencies\ImGUI\imgui_impl_dx11.h" />
    <ClInclude Include="Dependencies\ImGUI\imgui_impl_win32.h" />
    <ClInclude Include="Dependencies\ImGUI\imgui_internal.h" />
    <ClInclude Include="Dependencies\ImGUI\imstb_rectpack.h" />
    <ClInclude Include="Dependencies\ImGUI\imstb_textedit.h" />
    <ClInclude Include="Dependencies\ImGUI\imstb_truetype.h" />
    <ClInclude Include="Dependencies\jsoncpp\json\json-forwards.h" />
    <ClInclude Include="Dependencies\jsoncpp\json\json.h" />
    <ClInclude Include="Manager\PuzzleManager.h" />
    <ClInclude Include="Source\Entity\Boss1.h" />
    <ClInclude Include="Source\Entity\Charger.h" />
    <ClInclude Include="Source\Entity\EBullet.h" />
    <ClInclude Include="Source\Entity\Guidebox.h" />
    <ClInclude Include="Source\Entity\LootDrop.h" />
    <ClInclude Include="Source\Entity\Pathfinder.h" />
    <ClInclude Include="Source\Entity\Pillar.h" />
    <ClInclude Include="Source\Entity\PuzzleTile.h" />
    <ClInclude Include="Source\Entity\Shooter.h" />
    <ClInclude Include="Source\Entity\Switch.h" />
    <ClInclude Include="Source\Graphics\UI\IUI.h" />
    <ClInclude Include="Manager\EventManager.h" />
    <ClInclude Include="Manager\GameStateManager.h" />
    <ClInclude Include="Manager\AudioManager.h" />
    <ClInclude Include="Manager\ImGUIManager.h" />
    <ClInclude Include="Manager\LevelEditor.h" />
    <ClInclude Include="Manager\UIManager.h" />
    <ClInclude Include="Source\Audio\AudioSystem.h" />
    <ClInclude Include="Source\Components\LightDetail.h" />
    <ClInclude Include="Source\Entity\Block.h" />
    <ClInclude Include="Source\Entity\Bullet.h" />
    <ClInclude Include="Source\Entity\Collider.h" />
    <ClInclude Include="Source\Entity\DirectLight.h" />
    <ClInclude Include="Source\Entity\Enemy.h" />
    <ClInclude Include="Source\Entity\Entity.h" />
    <ClInclude Include="Source\Entity\Floor.h" />
    <ClInclude Include="Source\Entity\HealthBar.h" />
    <ClInclude Include="Source\Entity\Platform.h" />
    <ClInclude Include="Source\Entity\Player.h" />
    <ClInclude Include="Manager\CollisionManager.h" />
    <ClInclude Include="Source\Entity\PointLight.h" />
    <ClInclude Include="Source\Entity\Seeker.h" />
    <ClInclude Include="Source\Entity\SeekerBox.h" />
    <ClInclude Include="Source\Entity\SpotBox.h" />
    <ClInclude Include="Source\Entity\SpotLight.h" />
    <ClInclude Include="Source\Entity\TimeBar.h" />
    <ClInclude Include="Source\Entity\UI\UIElement.h" />
    <ClInclude Include="Source\Entity\UI\UIWindow.h" />
    <ClInclude Include="Source\Entity\ViewBox.h" />
    <ClInclude Include="Source\Entity\WEnemy.h" />
    <ClInclude Include="Source\GameObject.h" />
    <ClInclude Include="Source\Graphics\DeferredRendering\DeferredRendering.h" />
    <ClInclude Include="Source\Graphics\ShadowShading\Shadow.h" />
    <ClInclude Include="Source\Components\Animation.h" />
    <ClInclude Include="Dependencies\Sol\Include\as_args.hpp" />
    <ClInclude Include="Dependencies\Sol\Include\as_returns.hpp" />
    <ClInclude Include="Dependencies\Sol\Include\base_traits.hpp" />
    <ClInclude Include="Dependencies\Sol\Include\bind_traits.hpp" />
    <ClInclude Include="Dependencies\Sol\Include\bytecode.hpp" />
    <ClInclude Include="Dependencies\Sol\Include\call.hpp" />
    <ClInclude Include="Dependencies\Sol\Include\compatibility.hpp" />
    <ClInclude Include="Dependencies\Sol\Include\config.hpp" />
    <ClInclude Include="Dependencies\Sol\Include\config_setup.hpp" />
    <ClInclude Include="Dependencies\Sol\Include\coroutine.hpp" />
    <ClInclude Include="Dependencies\Sol\Include\debug.hpp" />
    <ClInclude Include="Dependencies\Sol\Include\demangle.hpp" />
    <ClInclude Include="Dependencies\Sol\Include\deprecate.hpp" />
    <ClInclude Include="Dependencies\Sol\Include\dump_handler.hpp" />
    <ClInclude Include="Dependencies\Sol\Include\ebco.hpp" />
    <ClInclude Include="Dependencies\Sol\Include\environment.hpp" />
    <ClInclude Include="Dependencies\Sol\Include\error.hpp" />
    <ClInclude Include="Dependencies\Sol\Include\error_handler.hpp" />
    <ClInclude Include="Dependencies\Sol\Include\feature_test.hpp" />
    <ClInclude Include="Dependencies\Sol\Include\forward.hpp" />
    <ClInclude Include="Dependencies\Sol\Include\forward_detail.hpp" />
    <ClInclude Include="Dependencies\Sol\Include\function.hpp" />
    <ClInclude Include="Dependencies\Sol\Include\function_result.hpp" />
    <ClInclude Include="Dependencies\Sol\Include\function_types.hpp" />
    <ClInclude Include="Dependencies\Sol\Include\function_types_core.hpp" />
    <ClInclude Include="Dependencies\Sol\Include\function_types_overloaded.hpp" />
    <ClInclude Include="Dependencies\Sol\Include\function_types_stateful.hpp" />
    <ClInclude Include="Dependencies\Sol\Include\function_types_stateless.hpp" />
    <ClInclude Include="Dependencies\Sol\Include\function_types_templated.hpp" />
    <ClInclude Include="Dependencies\Sol\Include\inheritance.hpp" />
    <ClInclude Include="Dependencies\Sol\Include\in_place.hpp" />
    <ClInclude Include="Dependencies\Sol\Include\load_result.hpp" />
    <ClInclude Include="Dependencies\Sol\Include\lua_table.hpp" />
    <ClInclude Include="Dependencies\Sol\Include\lua_value.hpp" />
    <ClInclude Include="Dependencies\Sol\Include\make_reference.hpp" />
    <ClInclude Include="Dependencies\Sol\Include\map.hpp" />
    <ClInclude Include="Dependencies\Sol\Include\metatable.hpp" />
    <ClInclude Include="Dependencies\Sol\Include\object.hpp" />
    <ClInclude Include="Dependencies\Sol\Include\object_base.hpp" />
    <ClInclude Include="Dependencies\Sol\Include\optional.hpp" />
    <ClInclude Include="Dependencies\Sol\Include\optional_implementation.hpp" />
    <ClInclude Include="Dependencies\Sol\Include\overload.hpp" />
    <ClInclude Include="Dependencies\Sol\Include\pointer_like.hpp" />
    <ClInclude Include="Dependencies\Sol\Include\policies.hpp" />
    <ClInclude Include="Dependencies\Sol\Include\property.hpp" />
    <ClInclude Include="Dependencies\Sol\Include\protect.hpp" />
    <ClInclude Include="Dependencies\Sol\Include\protected_function.hpp" />
    <ClInclude Include="Dependencies\Sol\Include\protected_function_result.hpp" />
    <ClInclude Include="Dependencies\Sol\Include\protected_handler.hpp" />
    <ClInclude Include="Dependencies\Sol\Include\proxy_base.hpp" />
    <ClInclude Include="Dependencies\Sol\Include\raii.hpp" />
    <ClInclude Include="Dependencies\Sol\Include\reference.hpp" />
    <ClInclude Include="Dependencies\Sol\Include\resolve.hpp" />
    <ClInclude Include="Dependencies\Sol\Include\sol.hpp" />
    <ClInclude Include="Dependencies\Sol\Include\stack.hpp" />
    <ClInclude Include="Dependencies\Sol\Include\stack_check.hpp" />
    <ClInclude Include="Dependencies\Sol\Include\stack_check_get.hpp" />
    <ClInclude Include="Dependencies\Sol\Include\stack_check_get_qualified.hpp" />
    <ClInclude Include="Dependencies\Sol\Include\stack_check_get_unqualified.hpp" />
    <ClInclude Include="Dependencies\Sol\Include\stack_check_qualified.hpp" />
    <ClInclude Include="Dependencies\Sol\Include\stack_check_unqualified.hpp" />
    <ClInclude Include="Dependencies\Sol\Include\stack_core.hpp" />
    <ClInclude Include="Dependencies\Sol\Include\stack_field.hpp" />
    <ClInclude Include="Dependencies\Sol\Include\stack_get.hpp" />
    <ClInclude Include="Dependencies\Sol\Include\stack_get_qualified.hpp" />
    <ClInclude Include="Dependencies\Sol\Include\stack_get_unqualified.hpp" />
    <ClInclude Include="Dependencies\Sol\Include\stack_guard.hpp" />
    <ClInclude Include="Dependencies\Sol\Include\stack_iterator.hpp" />
    <ClInclude Include="Dependencies\Sol\Include\stack_pop.hpp" />
    <ClInclude Include="Dependencies\Sol\Include\stack_probe.hpp" />
    <ClInclude Include="Dependencies\Sol\Include\stack_proxy.hpp" />
    <ClInclude Include="Dependencies\Sol\Include\stack_proxy_base.hpp" />
    <ClInclude Include="Dependencies\Sol\Include\stack_push.hpp" />
    <ClInclude Include="Dependencies\Sol\Include\stack_reference.hpp" />
    <ClInclude Include="Dependencies\Sol\Include\state.hpp" />
    <ClInclude Include="Dependencies\Sol\Include\state_handling.hpp" />
    <ClInclude Include="Dependencies\Sol\Include\state_view.hpp" />
    <ClInclude Include="Dependencies\Sol\Include\string_view.hpp" />
    <ClInclude Include="Dependencies\Sol\Include\table.hpp" />
    <ClInclude Include="Dependencies\Sol\Include\table_core.hpp" />
    <ClInclude Include="Dependencies\Sol\Include\table_iterator.hpp" />
    <ClInclude Include="Dependencies\Sol\Include\table_proxy.hpp" />
    <ClInclude Include="Dependencies\Sol\Include\thread.hpp" />
    <ClInclude Include="Dependencies\Sol\Include\tie.hpp" />
    <ClInclude Include="Dependencies\Sol\Include\traits.hpp" />
    <ClInclude Include="Dependencies\Sol\Include\trampoline.hpp" />
    <ClInclude Include="Dependencies\Sol\Include\tuple.hpp" />
    <ClInclude Include="Dependencies\Sol\Include\types.hpp" />
    <ClInclude Include="Dependencies\Sol\Include\unicode.hpp" />
    <ClInclude Include="Dependencies\Sol\Include\unique_usertype_traits.hpp" />
    <ClInclude Include="Dependencies\Sol\Include\unsafe_function.hpp" />
    <ClInclude Include="Dependencies\Sol\Include\unsafe_function_result.hpp" />
    <ClInclude Include="Dependencies\Sol\Include\userdata.hpp" />
    <ClInclude Include="Dependencies\Sol\Include\usertype.hpp" />
    <ClInclude Include="Dependencies\Sol\Include\usertype_container.hpp" />
    <ClInclude Include="Dependencies\Sol\Include\usertype_container_launch.hpp" />
    <ClInclude Include="Dependencies\Sol\Include\usertype_core.hpp" />
    <ClInclude Include="Dependencies\Sol\Include\usertype_proxy.hpp" />
    <ClInclude Include="Dependencies\Sol\Include\usertype_storage.hpp" />
    <ClInclude Include="Dependencies\Sol\Include\usertype_traits.hpp" />
    <ClInclude Include="Dependencies\Sol\Include\variadic_args.hpp" />
    <ClInclude Include="Dependencies\Sol\Include\variadic_results.hpp" />
    <ClInclude Include="Dependencies\Sol\Include\wrapper.hpp" />
    <ClInclude Include="Manager\GameObjectManager.h" />
    <ClInclude Include="Manager\ObjectFactoryManager.h" />
    <ClInclude Include="Manager\MemoryManager.h" />
    <ClInclude Include="Manager\PhysicsManager.h" />
    <ClInclude Include="Manager\ResourceManager.h" />
    <ClInclude Include="Source\Events\DestroyEvent.h" />
    <ClInclude Include="Source\Events\Event.h" />
    <ClInclude Include="Source\Events\MoveEvent.h" />
    <ClInclude Include="Source\Graphics\Animation\AnimationClips.h" />
    <ClInclude Include="Source\Graphics\Animation\AnimationChannel.h" />
    <ClInclude Include="Source\Graphics\Animation\BoneNode.h" />
    <ClInclude Include="Source\Graphics\Light.h" />
    <ClInclude Include="Manager\DXInputManager.h" />
    <ClInclude Include="Source\Components\Asset.h" />
    <ClInclude Include="Source\Components\Body.h" />
    <ClInclude Include="Source\Components\Component.h" />
    <ClInclude Include="Source\Components\Controller.h" />
    <ClInclude Include="Source\Components\Transform.h" />
    <ClInclude Include="Source\Definitions.h" />
    <ClInclude Include="Source\GameState.h" />
    <ClInclude Include="Source\Graphics\ReadData.h" />
    <ClInclude Include="Source\Graphics\Camera.h" />
    <ClInclude Include="Source\Graphics\DirectXHandler.h" />
    <ClInclude Include="Source\Graphics\DXObject.h" />
    <ClInclude Include="Source\Graphics\DXShader.h" />
    <ClInclude Include="Source\Graphics\DXTexture.h" />
    <ClInclude Include="Manager\GraphicsManager.h" />
    <ClInclude Include="Manager\TimerManager.h" />
    <ClInclude Include="Source\Inventory\Armor.h" />
    <ClInclude Include="Source\Inventory\Gear.h" />
    <ClInclude Include="Source\Inventory\Weapon.h" />
    <ClInclude Include="Source\Inventory\WeaponEffects\BurningW.h" />
    <ClInclude Include="Source\Inventory\WeaponEffects\LightningW.h" />
    <ClInclude Include="Source\Inventory\WeaponEffects\WeaponEffects.h" />
    <ClInclude Include="Source\pch.h" />
    <ClInclude Include="Source\Systems\Systems.h" />
    <ClInclude Include="Source\Util\Math.h" />
    <ClInclude Include="Source\Graphics\Shape.h" />
    <ClInclude Include="Source\Engine.h" />
    <ClInclude Include="Source\Util\ShapeX.h" />
    <ClInclude Include="Source\Util\SpatialGrid.h" />
    <ClInclude Include="Source\Util\Vector3D.h" />
    <ClInclude Include="Source\Graphics\UI\UIObject.h" />
    <ClInclude Include="Source\GameStates\GameState.h" />
    <ClInclude Include="Source\GameStates\PauseState.h" />
    <ClInclude Include="Source\GameStates\PlayState.h" />
    <ClInclude Include="Source\Inventory\WeaponEffects\FreezingW.h" />
    <ClInclude Include="Source\Events\HitEvent.h" />
    <ClInclude Include="Source\Events\EffectDamage.h" />
    <ClInclude Include="Source\Events\LootdropEvent.h" />
    <ClInclude Include="Source\Events\ChangeEquippedEffect.h" />
    <ClInclude Include="Source\Entity\Exploder.h" />
    <ClInclude Include="Manager\ParticleManager.h" />
    <ClInclude Include="Source\Entity\Right.h" />
    <ClInclude Include="Resource\Levels\Left.json" />
    <ClInclude Include="Source\Entity\Left.h" />
    <ClInclude Include="Source\Entity\Visible_Box.h" />
    <ClInclude Include="Source\Entity\LP.h" />
    <ClInclude Include="Source\Entity\RP.h" />
    <ClInclude Include="Source\Entity\Hint.h" />
    <ClInclude Include="Source\Entity\Gate.h" />
    <ClInclude Include="Source\Entity\Padding.h" />
    <ClInclude Include="Source\Entity\Door.h" />
    <ClInclude Include="Source\Entity\ConditionBox.h" />
    <ClInclude Include="Source\Entity\Stopper.h" />
    <ClInclude Include="Source\Entity\MovingPlatform.h" />
    <ClInclude Include="Source\Events\CollisionEvent.h" />
    <ClInclude Include="Source\Entity\Menu.h" />
    <ClInclude Include="Source\Entity\Credits.h" />
    <ClInclude Include="Source\Entity\Intro.h" />
    <ClInclude Include="Source\Entity\LevelSwitch.h" />
    <ClInclude Include="Source\Entity\Tree.h" />
    <ClInclude Include="Source\Entity\Boss2.h" />
    <ClInclude Include="resource.h" />
  </ItemGroup>
  <ItemGroup>
    <None Include="Resource\Levels\Block.json" />
    <None Include="Resource\Levels\Boss1.json" />
    <None Include="Resource\Levels\Box.json" />
    <None Include="Resource\Levels\Charger.json" />
    <None Include="Resource\Levels\Collider.json" />
    <None Include="Resource\Levels\Cylinder.json" />
    <None Include="Resource\Levels\DirectLight.json" />
    <None Include="Resource\Levels\Disk.json" />
    <None Include="Resource\Levels\EBullet.json" />
    <None Include="Resource\Levels\Enemy.json" />
    <None Include="Resource\Levels\FirePlace.json" />
    <None Include="Resource\Levels\Floor.json" />
    <None Include="Resource\Levels\Guidebox.json" />
    <None Include="Resource\Levels\HealthBar.json" />
    <None Include="Resource\Levels\Level3.json" />
    <None Include="Resource\Levels\Level4.json" />
    <None Include="Resource\Levels\LightList.json" />
    <None Include="Resource\Levels\P1Collectible.json" />
    <None Include="Resource\Levels\P1Goal.json" />
    <None Include="Resource\Levels\P3Goal.json" />
    <None Include="Resource\Levels\P3Trap.json" />
    <None Include="Resource\Levels\Pathfinder.json" />
    <None Include="Resource\Levels\Pillar.json" />
    <None Include="Resource\Levels\Platform.json" />
    <None Include="Resource\Levels\PointLight.json" />
    <None Include="Resource\Levels\PuzzleTile.json" />
    <None Include="Resource\Levels\SeekerBox.json" />
    <None Include="Resource\Levels\Shooter.json" />
    <None Include="Resource\Levels\Sphere.json" />
    <None Include="Resource\Levels\Switch.json" />
    <None Include="Resource\Levels\TimeBar.json" />
    <None Include="Resource\Levels\SpotBox.json" />
    <None Include="Resource\Levels\SpotLight.json" />
    <None Include="Resource\Levels\Tree.json" />
    <None Include="Resource\Levels\ViewBox.json" />
    <None Include="Resource\Levels\WEnemy.json" />
    <None Include="Resource\Levels\Bullet.json" />
    <None Include="Resource\Levels\AiStuff.json" />
    <None Include="Resource\Levels\Player.json" />
    <None Include="Resource\Levels\LootDrop.json" />
    <None Include="Resource\Levels\Exploder.json" />
    <None Include="Resource\Levels\Right.json" />
    <None Include="Resource\Levels\Visible_Box.json" />
    <None Include="Resource\Levels\LP.json" />
    <None Include="Resource\Levels\RP.json" />
    <None Include="Resource\Levels\Hint.json" />
    <None Include="Resource\Levels\HitBoxH.json" />
    <None Include="Resource\Levels\Door.json" />
    <None Include="Resource\Levels\ConditionBox.json" />
    <None Include="Resource\Levels\Stopper.json" />
    <None Include="Resource\Levels\MovingPlatform.json" />
    <None Include="Resource\Levels\Menu.json" />
    <None Include="Resource\Levels\MenuLevel.json" />
    <None Include="Resource\Levels\Padding.json" />
    <None Include="Resource\Levels\UI\IngameUI.json" />
    <None Include="Resource\Levels\UI\MainMenu.json" />
    <None Include="Resource\Levels\UI\IngameMenu.json" />
    <None Include="Resource\Levels\Gate.json" />
    <None Include="Resource\Levels\SleepShooter.json" />
    <None Include="Resource\Levels\SleepCharger.json" />
    <None Include="Resource\Levels\Torus.json" />
    <None Include="Resource\Levels\Credits.json" />
    <None Include="Resource\Levels\Intro.json" />
    <None Include="Resource\Levels\IntroLevel.json" />
    <None Include="Resource\Levels\CreditsLevel.json" />
    <None Include="Resource\Levels\Boss2.json" />
  </ItemGroup>
  <ItemGroup>
    <ResourceCompile Include="framework.rc" />
  </ItemGroup>
  <ItemGroup>
    <Image Include="The Seeker.ico" />
  </ItemGroup>
</Project>