
Microsoft Visual Studio Solution File, Format Version 11.00
# Visual Studio 2010
Project("{8BC9CEB8-8B4A-11D0-8D11-00A0C91BC942}") = "3d", "3d.vcxproj", "{37AC0579-42C6-4B28-9084-44E8DCF058BE}"
EndProject
Project("{8BC9CEB8-8B4A-11D0-8D11-00A0C91BC942}") = "asyncio", "asyncio.vcxproj", "{E02076FA-03C6-40DB-82D9-AE927EF19749}"
EndProject
Project("{8BC9CEB8-8B4A-11D0-8D11-00A0C91BC942}") = "channel_groups", "channel_groups.vcxproj", "{22FB6E93-DD70-4C5C-842C-267FBF6A3350}"
EndProject
Project("{8BC9CEB8-8B4A-11D0-8D11-00A0C91BC942}") = "convolution_reverb", "convolution_reverb.vcxproj", "{23CC8E46-BDFA-4C14-ABA9-DF26AFDA3825}"
EndProject
Project("{8BC9CEB8-8B4A-11D0-8D11-00A0C91BC942}") = "dsp_custom", "dsp_custom.vcxproj", "{EC6436B8-7716-4630-B00B-28616A953895}"
EndProject
Project("{8BC9CEB8-8B4A-11D0-8D11-00A0C91BC942}") = "dsp_effect_per_speaker", "dsp_effect_per_speaker.vcxproj", "{53BE4FCF-BB31-49B0-9743-80BFBD137026}"
EndProject
Project("{8BC9CEB8-8B4A-11D0-8D11-00A0C91BC942}") = "dsp_inspector", "dsp_inspector.vcxproj", "{46015E1A-3AD9-4FBA-862B-FD0D34109214}"
EndProject
Project("{8BC9CEB8-8B4A-11D0-8D11-00A0C91BC942}") = "effects", "effects.vcxproj", "{70735A9C-4B43-48AB-A876-AA23057BD9DF}"
EndProject
Project("{8BC9CEB8-8B4A-11D0-8D11-00A0C91BC942}") = "gapless_playback", "gapless_playback.vcxproj", "{BB2CE75C-F5D0-4745-A567-B0DC9B5A9953}"
EndProject
Project("{8BC9CEB8-8B4A-11D0-8D11-00A0C91BC942}") = "generate_tone", "generate_tone.vcxproj", "{7FEDC5D5-56A5-4CCB-B5B9-1602BB0256DE}"
EndProject
Project("{8BC9CEB8-8B4A-11D0-8D11-00A0C91BC942}") = "granular_synth", "granular_synth.vcxproj", "{DB662145-E823-4858-A305-4E6995FDCAB3}"
EndProject
Project("{8BC9CEB8-8B4A-11D0-8D11-00A0C91BC942}") = "load_from_memory", "load_from_memory.vcxproj", "{634147EF-52B8-43F6-B60C-F6F9581EF01E}"
EndProject
Project("{8BC9CEB8-8B4A-11D0-8D11-00A0C91BC942}") = "multiple_speaker", "multiple_speaker.vcxproj", "{D035CD62-BE55-425B-BEB6-A9D889610EA2}"
EndProject
Project("{8BC9CEB8-8B4A-11D0-8D11-00A0C91BC942}") = "multiple_system", "multiple_system.vcxproj", "{2D5AA5F5-9083-4CB0-8A2D-6A75B147D459}"
EndProject
Project("{8BC9CEB8-8B4A-11D0-8D11-00A0C91BC942}") = "net_stream", "net_stream.vcxproj", "{5BE3BF73-D8CA-4760-B6F5-2FB3926CC614}"
EndProject
Project("{8BC9CEB8-8B4A-11D0-8D11-00A0C91BC942}") = "play_sound", "play_sound.vcxproj", "{33375842-3074-4BE7-9E3C-EA6FF96C006E}"
EndProject
Project("{8BC9CEB8-8B4A-11D0-8D11-00A0C91BC942}") = "play_stream", "play_stream.vcxproj", "{CEB489EE-8F4D-471E-BED6-BE20F5BADB7C}"
EndProject
Project("{8BC9CEB8-8B4A-11D0-8D11-00A0C91BC942}") = "record", "record.vcxproj", "{72150A39-85BF-423E-9A69-1BB5316DF710}"
EndProject
Project("{8BC9CEB8-8B4A-11D0-8D11-00A0C91BC942}") = "record_enumeration", "record_enumeration.vcxproj", "{68F2BCFA-2F27-4B62-978A-CFFE2D8BCDD0}"
EndProject
Project("{8BC9CEB8-8B4A-11D0-8D11-00A0C91BC942}") = "user_created_sound", "user_created_sound.vcxproj", "{F6E208E9-D284-4439-B2BF-ADC86076C507}"
EndProject
Project("{8BC9CEB8-8B4A-11D0-8D11-00A0C91BC942}") = "fmod_codec_raw", "fmod_codec_raw.vcxproj", "{1690A1A8-AFF6-4BB7-92C0-7BD20C1331A2}"
EndProject
Project("{8BC9CEB8-8B4A-11D0-8D11-00A0C91BC942}") = "fmod_distance_filter", "fmod_distance_filter.vcxproj", "{A418857A-B2E8-4582-A679-1FF6A20190A4}"
EndProject
Project("{8BC9CEB8-8B4A-11D0-8D11-00A0C91BC942}") = "fmod_gain", "fmod_gain.vcxproj", "{CD503834-25B3-48B3-B780-EB81F10EA4E8}"
EndProject
Project("{8BC9CEB8-8B4A-11D0-8D11-00A0C91BC942}") = "fmod_noise", "fmod_noise.vcxproj", "{F6102B72-56CA-4344-91D4-F3A42A49A0B4}"
EndProject
Project("{8BC9CEB8-8B4A-11D0-8D11-00A0C91BC942}") = "output_mp3", "output_mp3.vcxproj", "{51FB49B4-7930-484A-BBCD-DAB07633BB54}"
EndProject
Global
	GlobalSection(SolutionConfigurationPlatforms) = preSolution
		Debug|Win32 = Debug|Win32
		Debug|x64 = Debug|x64
		Release|Win32 = Release|Win32
		Release|x64 = Release|x64
	EndGlobalSection
	GlobalSection(ProjectConfigurationPlatforms) = postSolution
		{37AC0579-42C6-4B28-9084-44E8DCF058BE}.Debug|Win32.ActiveCfg = Debug|Win32
		{37AC0579-42C6-4B28-9084-44E8DCF058BE}.Debug|Win32.Build.0 = Debug|Win32
		{37AC0579-42C6-4B28-9084-44E8DCF058BE}.Debug|Win32.Deploy.0 = Debug|Win32
		{37AC0579-42C6-4B28-9084-44E8DCF058BE}.Debug|x64.ActiveCfg = Debug|x64
		{37AC0579-42C6-4B28-9084-44E8DCF058BE}.Debug|x64.Build.0 = Debug|x64
		{37AC0579-42C6-4B28-9084-44E8DCF058BE}.Debug|x64.Deploy.0 = Debug|x64
		{37AC0579-42C6-4B28-9084-44E8DCF058BE}.Release|Win32.ActiveCfg = Release|Win32
		{37AC0579-42C6-4B28-9084-44E8DCF058BE}.Release|Win32.Build.0 = Release|Win32
		{37AC0579-42C6-4B28-9084-44E8DCF058BE}.Release|Win32.Deploy.0 = Release|Win32
		{37AC0579-42C6-4B28-9084-44E8DCF058BE}.Release|x64.ActiveCfg = Release|x64
		{37AC0579-42C6-4B28-9084-44E8DCF058BE}.Release|x64.Build.0 = Release|x64
		{37AC0579-42C6-4B28-9084-44E8DCF058BE}.Release|x64.Deploy.0 = Release|x64
		{E02076FA-03C6-40DB-82D9-AE927EF19749}.Debug|Win32.ActiveCfg = Debug|Win32
		{E02076FA-03C6-40DB-82D9-AE927EF19749}.Debug|Win32.Build.0 = Debug|Win32
		{E02076FA-03C6-40DB-82D9-AE927EF19749}.Debug|Win32.Deploy.0 = Debug|Win32
		{E02076FA-03C6-40DB-82D9-AE927EF19749}.Debug|x64.ActiveCfg = Debug|x64
		{E02076FA-03C6-40DB-82D9-AE927EF19749}.Debug|x64.Build.0 = Debug|x64
		{E02076FA-03C6-40DB-82D9-AE927EF19749}.Debug|x64.Deploy.0 = Debug|x64
		{E02076FA-03C6-40DB-82D9-AE927EF19749}.Release|Win32.ActiveCfg = Release|Win32
		{E02076FA-03C6-40DB-82D9-AE927EF19749}.Release|Win32.Build.0 = Release|Win32
		{E02076FA-03C6-40DB-82D9-AE927EF19749}.Release|Win32.Deploy.0 = Release|Win32
		{E02076FA-03C6-40DB-82D9-AE927EF19749}.Release|x64.ActiveCfg = Release|x64
		{E02076FA-03C6-40DB-82D9-AE927EF19749}.Release|x64.Build.0 = Release|x64
		{E02076FA-03C6-40DB-82D9-AE927EF19749}.Release|x64.Deploy.0 = Release|x64
		{22FB6E93-DD70-4C5C-842C-267FBF6A3350}.Debug|Win32.ActiveCfg = Debug|Win32
		{22FB6E93-DD70-4C5C-842C-267FBF6A3350}.Debug|Win32.Build.0 = Debug|Win32
		{22FB6E93-DD70-4C5C-842C-267FBF6A3350}.Debug|Win32.Deploy.0 = Debug|Win32
		{22FB6E93-DD70-4C5C-842C-267FBF6A3350}.Debug|x64.ActiveCfg = Debug|x64
		{22FB6E93-DD70-4C5C-842C-267FBF6A3350}.Debug|x64.Build.0 = Debug|x64
		{22FB6E93-DD70-4C5C-842C-267FBF6A3350}.Debug|x64.Deploy.0 = Debug|x64
		{22FB6E93-DD70-4C5C-842C-267FBF6A3350}.Release|Win32.ActiveCfg = Release|Win32
		{22FB6E93-DD70-4C5C-842C-267FBF6A3350}.Release|Win32.Build.0 = Release|Win32
		{22FB6E93-DD70-4C5C-842C-267FBF6A3350}.Release|Win32.Deploy.0 = Release|Win32
		{22FB6E93-DD70-4C5C-842C-267FBF6A3350}.Release|x64.ActiveCfg = Release|x64
		{22FB6E93-DD70-4C5C-842C-267FBF6A3350}.Release|x64.Build.0 = Release|x64
		{22FB6E93-DD70-4C5C-842C-267FBF6A3350}.Release|x64.Deploy.0 = Release|x64
		{23CC8E46-BDFA-4C14-ABA9-DF26AFDA3825}.Debug|Win32.ActiveCfg = Debug|Win32
		{23CC8E46-BDFA-4C14-ABA9-DF26AFDA3825}.Debug|Win32.Build.0 = Debug|Win32
		{23CC8E46-BDFA-4C14-ABA9-DF26AFDA3825}.Debug|Win32.Deploy.0 = Debug|Win32
		{23CC8E46-BDFA-4C14-ABA9-DF26AFDA3825}.Debug|x64.ActiveCfg = Debug|x64
		{23CC8E46-BDFA-4C14-ABA9-DF26AFDA3825}.Debug|x64.Build.0 = Debug|x64
		{23CC8E46-BDFA-4C14-ABA9-DF26AFDA3825}.Debug|x64.Deploy.0 = Debug|x64
		{23CC8E46-BDFA-4C14-ABA9-DF26AFDA3825}.Release|Win32.ActiveCfg = Release|Win32
		{23CC8E46-BDFA-4C14-ABA9-DF26AFDA3825}.Release|Win32.Build.0 = Release|Win32
		{23CC8E46-BDFA-4C14-ABA9-DF26AFDA3825}.Release|Win32.Deploy.0 = Release|Win32
		{23CC8E46-BDFA-4C14-ABA9-DF26AFDA3825}.Release|x64.ActiveCfg = Release|x64
		{23CC8E46-BDFA-4C14-ABA9-DF26AFDA3825}.Release|x64.Build.0 = Release|x64
		{23CC8E46-BDFA-4C14-ABA9-DF26AFDA3825}.Release|x64.Deploy.0 = Release|x64
		{EC6436B8-7716-4630-B00B-28616A953895}.Debug|Win32.ActiveCfg = Debug|Win32
		{EC6436B8-7716-4630-B00B-28616A953895}.Debug|Win32.Build.0 = Debug|Win32
		{EC6436B8-7716-4630-B00B-28616A953895}.Debug|Win32.Deploy.0 = Debug|Win32
		{EC6436B8-7716-4630-B00B-28616A953895}.Debug|x64.ActiveCfg = Debug|x64
		{EC6436B8-7716-4630-B00B-28616A953895}.Debug|x64.Build.0 = Debug|x64
		{EC6436B8-7716-4630-B00B-28616A953895}.Debug|x64.Deploy.0 = Debug|x64
		{EC6436B8-7716-4630-B00B-28616A953895}.Release|Win32.ActiveCfg = Release|Win32
		{EC6436B8-7716-4630-B00B-28616A953895}.Release|Win32.Build.0 = Release|Win32
		{EC6436B8-7716-4630-B00B-28616A953895}.Release|Win32.Deploy.0 = Release|Win32
		{EC6436B8-7716-4630-B00B-28616A953895}.Release|x64.ActiveCfg = Release|x64
		{EC6436B8-7716-4630-B00B-28616A953895}.Release|x64.Build.0 = Release|x64
		{EC6436B8-7716-4630-B00B-28616A953895}.Release|x64.Deploy.0 = Release|x64
		{53BE4FCF-BB31-49B0-9743-80BFBD137026}.Debug|Win32.ActiveCfg = Debug|Win32
		{53BE4FCF-BB31-49B0-9743-80BFBD137026}.Debug|Win32.Build.0 = Debug|Win32
		{53BE4FCF-BB31-49B0-9743-80BFBD137026}.Debug|Win32.Deploy.0 = Debug|Win32
		{53BE4FCF-BB31-49B0-9743-80BFBD137026}.Debug|x64.ActiveCfg = Debug|x64
		{53BE4FCF-BB31-49B0-9743-80BFBD137026}.Debug|x64.Build.0 = Debug|x64
		{53BE4FCF-BB31-49B0-9743-80BFBD137026}.Debug|x64.Deploy.0 = Debug|x64
		{53BE4FCF-BB31-49B0-9743-80BFBD137026}.Release|Win32.ActiveCfg = Release|Win32
		{53BE4FCF-BB31-49B0-9743-80BFBD137026}.Release|Win32.Build.0 = Release|Win32
		{53BE4FCF-BB31-49B0-9743-80BFBD137026}.Release|Win32.Deploy.0 = Release|Win32
		{53BE4FCF-BB31-49B0-9743-80BFBD137026}.Release|x64.ActiveCfg = Release|x64
		{53BE4FCF-BB31-49B0-9743-80BFBD137026}.Release|x64.Build.0 = Release|x64
		{53BE4FCF-BB31-49B0-9743-80BFBD137026}.Release|x64.Deploy.0 = Release|x64
		{46015E1A-3AD9-4FBA-862B-FD0D34109214}.Debug|Win32.ActiveCfg = Debug|Win32
		{46015E1A-3AD9-4FBA-862B-FD0D34109214}.Debug|Win32.Build.0 = Debug|Win32
		{46015E1A-3AD9-4FBA-862B-FD0D34109214}.Debug|Win32.Deploy.0 = Debug|Win32
		{46015E1A-3AD9-4FBA-862B-FD0D34109214}.Debug|x64.ActiveCfg = Debug|x64
		{46015E1A-3AD9-4FBA-862B-FD0D34109214}.Debug|x64.Build.0 = Debug|x64
		{46015E1A-3AD9-4FBA-862B-FD0D34109214}.Debug|x64.Deploy.0 = Debug|x64
		{46015E1A-3AD9-4FBA-862B-FD0D34109214}.Release|Win32.ActiveCfg = Release|Win32
		{46015E1A-3AD9-4FBA-862B-FD0D34109214}.Release|Win32.Build.0 = Release|Win32
		{46015E1A-3AD9-4FBA-862B-FD0D34109214}.Release|Win32.Deploy.0 = Release|Win32
		{46015E1A-3AD9-4FBA-862B-FD0D34109214}.Release|x64.ActiveCfg = Release|x64
		{46015E1A-3AD9-4FBA-862B-FD0D34109214}.Release|x64.Build.0 = Release|x64
		{46015E1A-3AD9-4FBA-862B-FD0D34109214}.Release|x64.Deploy.0 = Release|x64
		{70735A9C-4B43-48AB-A876-AA23057BD9DF}.Debug|Win32.ActiveCfg = Debug|Win32
		{70735A9C-4B43-48AB-A876-AA23057BD9DF}.Debug|Win32.Build.0 = Debug|Win32
		{70735A9C-4B43-48AB-A876-AA23057BD9DF}.Debug|Win32.Deploy.0 = Debug|Win32
		{70735A9C-4B43-48AB-A876-AA23057BD9DF}.Debug|x64.ActiveCfg = Debug|x64
		{70735A9C-4B43-48AB-A876-AA23057BD9DF}.Debug|x64.Build.0 = Debug|x64
		{70735A9C-4B43-48AB-A876-AA23057BD9DF}.Debug|x64.Deploy.0 = Debug|x64
		{70735A9C-4B43-48AB-A876-AA23057BD9DF}.Release|Win32.ActiveCfg = Release|Win32
		{70735A9C-4B43-48AB-A876-AA23057BD9DF}.Release|Win32.Build.0 = Release|Win32
		{70735A9C-4B43-48AB-A876-AA23057BD9DF}.Release|Win32.Deploy.0 = Release|Win32
		{70735A9C-4B43-48AB-A876-AA23057BD9DF}.Release|x64.ActiveCfg = Release|x64
		{70735A9C-4B43-48AB-A876-AA23057BD9DF}.Release|x64.Build.0 = Release|x64
		{70735A9C-4B43-48AB-A876-AA23057BD9DF}.Release|x64.Deploy.0 = Release|x64
		{BB2CE75C-F5D0-4745-A567-B0DC9B5A9953}.Debug|Win32.ActiveCfg = Debug|Win32
		{BB2CE75C-F5D0-4745-A567-B0DC9B5A9953}.Debug|Win32.Build.0 = Debug|Win32
		{BB2CE75C-F5D0-4745-A567-B0DC9B5A9953}.Debug|Win32.Deploy.0 = Debug|Win32
		{BB2CE75C-F5D0-4745-A567-B0DC9B5A9953}.Debug|x64.ActiveCfg = Debug|x64
		{BB2CE75C-F5D0-4745-A567-B0DC9B5A9953}.Debug|x64.Build.0 = Debug|x64
		{BB2CE75C-F5D0-4745-A567-B0DC9B5A9953}.Debug|x64.Deploy.0 = Debug|x64
		{BB2CE75C-F5D0-4745-A567-B0DC9B5A9953}.Release|Win32.ActiveCfg = Release|Win32
		{BB2CE75C-F5D0-4745-A567-B0DC9B5A9953}.Release|Win32.Build.0 = Release|Win32
		{BB2CE75C-F5D0-4745-A567-B0DC9B5A9953}.Release|Win32.Deploy.0 = Release|Win32
		{BB2CE75C-F5D0-4745-A567-B0DC9B5A9953}.Release|x64.ActiveCfg = Release|x64
		{BB2CE75C-F5D0-4745-A567-B0DC9B5A9953}.Release|x64.Build.0 = Release|x64
		{BB2CE75C-F5D0-4745-A567-B0DC9B5A9953}.Release|x64.Deploy.0 = Release|x64
		{7FEDC5D5-56A5-4CCB-B5B9-1602BB0256DE}.Debug|Win32.ActiveCfg = Debug|Win32
		{7FEDC5D5-56A5-4CCB-B5B9-1602BB0256DE}.Debug|Win32.Build.0 = Debug|Win32
		{7FEDC5D5-56A5-4CCB-B5B9-1602BB0256DE}.Debug|Win32.Deploy.0 = Debug|Win32
		{7FEDC5D5-56A5-4CCB-B5B9-1602BB0256DE}.Debug|x64.ActiveCfg = Debug|x64
		{7FEDC5D5-56A5-4CCB-B5B9-1602BB0256DE}.Debug|x64.Build.0 = Debug|x64
		{7FEDC5D5-56A5-4CCB-B5B9-1602BB0256DE}.Debug|x64.Deploy.0 = Debug|x64
		{7FEDC5D5-56A5-4CCB-B5B9-1602BB0256DE}.Release|Win32.ActiveCfg = Release|Win32
		{7FEDC5D5-56A5-4CCB-B5B9-1602BB0256DE}.Release|Win32.Build.0 = Release|Win32
		{7FEDC5D5-56A5-4CCB-B5B9-1602BB0256DE}.Release|Win32.Deploy.0 = Release|Win32
		{7FEDC5D5-56A5-4CCB-B5B9-1602BB0256DE}.Release|x64.ActiveCfg = Release|x64
		{7FEDC5D5-56A5-4CCB-B5B9-1602BB0256DE}.Release|x64.Build.0 = Release|x64
		{7FEDC5D5-56A5-4CCB-B5B9-1602BB0256DE}.Release|x64.Deploy.0 = Release|x64
		{DB662145-E823-4858-A305-4E6995FDCAB3}.Debug|Win32.ActiveCfg = Debug|Win32
		{DB662145-E823-4858-A305-4E6995FDCAB3}.Debug|Win32.Build.0 = Debug|Win32
		{DB662145-E823-4858-A305-4E6995FDCAB3}.Debug|Win32.Deploy.0 = Debug|Win32
		{DB662145-E823-4858-A305-4E6995FDCAB3}.Debug|x64.ActiveCfg = Debug|x64
		{DB662145-E823-4858-A305-4E6995FDCAB3}.Debug|x64.Build.0 = Debug|x64
		{DB662145-E823-4858-A305-4E6995FDCAB3}.Debug|x64.Deploy.0 = Debug|x64
		{DB662145-E823-4858-A305-4E6995FDCAB3}.Release|Win32.ActiveCfg = Release|Win32
		{DB662145-E823-4858-A305-4E6995FDCAB3}.Release|Win32.Build.0 = Release|Win32
		{DB662145-E823-4858-A305-4E6995FDCAB3}.Release|Win32.Deploy.0 = Release|Win32
		{DB662145-E823-4858-A305-4E6995FDCAB3}.Release|x64.ActiveCfg = Release|x64
		{DB662145-E823-4858-A305-4E6995FDCAB3}.Release|x64.Build.0 = Release|x64
		{DB662145-E823-4858-A305-4E6995FDCAB3}.Release|x64.Deploy.0 = Release|x64
		{634147EF-52B8-43F6-B60C-F6F9581EF01E}.Debug|Win32.ActiveCfg = Debug|Win32
		{634147EF-52B8-43F6-B60C-F6F9581EF01E}.Debug|Win32.Build.0 = Debug|Win32
		{634147EF-52B8-43F6-B60C-F6F9581EF01E}.Debug|Win32.Deploy.0 = Debug|Win32
		{634147EF-52B8-43F6-B60C-F6F9581EF01E}.Debug|x64.ActiveCfg = Debug|x64
		{634147EF-52B8-43F6-B60C-F6F9581EF01E}.Debug|x64.Build.0 = Debug|x64
		{634147EF-52B8-43F6-B60C-F6F9581EF01E}.Debug|x64.Deploy.0 = Debug|x64
		{634147EF-52B8-43F6-B60C-F6F9581EF01E}.Release|Win32.ActiveCfg = Release|Win32
		{634147EF-52B8-43F6-B60C-F6F9581EF01E}.Release|Win32.Build.0 = Release|Win32
		{634147EF-52B8-43F6-B60C-F6F9581EF01E}.Release|Win32.Deploy.0 = Release|Win32
		{634147EF-52B8-43F6-B60C-F6F9581EF01E}.Release|x64.ActiveCfg = Release|x64
		{634147EF-52B8-43F6-B60C-F6F9581EF01E}.Release|x64.Build.0 = Release|x64
		{634147EF-52B8-43F6-B60C-F6F9581EF01E}.Release|x64.Deploy.0 = Release|x64
		{D035CD62-BE55-425B-BEB6-A9D889610EA2}.Debug|Win32.ActiveCfg = Debug|Win32
		{D035CD62-BE55-425B-BEB6-A9D889610EA2}.Debug|Win32.Build.0 = Debug|Win32
		{D035CD62-BE55-425B-BEB6-A9D889610EA2}.Debug|Win32.Deploy.0 = Debug|Win32
		{D035CD62-BE55-425B-BEB6-A9D889610EA2}.Debug|x64.ActiveCfg = Debug|x64
		{D035CD62-BE55-425B-BEB6-A9D889610EA2}.Debug|x64.Build.0 = Debug|x64
		{D035CD62-BE55-425B-BEB6-A9D889610EA2}.Debug|x64.Deploy.0 = Debug|x64
		{D035CD62-BE55-425B-BEB6-A9D889610EA2}.Release|Win32.ActiveCfg = Release|Win32
		{D035CD62-BE55-425B-BEB6-A9D889610EA2}.Release|Win32.Build.0 = Release|Win32
		{D035CD62-BE55-425B-BEB6-A9D889610EA2}.Release|Win32.Deploy.0 = Release|Win32
		{D035CD62-BE55-425B-BEB6-A9D889610EA2}.Release|x64.ActiveCfg = Release|x64
		{D035CD62-BE55-425B-BEB6-A9D889610EA2}.Release|x64.Build.0 = Release|x64
		{D035CD62-BE55-425B-BEB6-A9D889610EA2}.Release|x64.Deploy.0 = Release|x64
		{2D5AA5F5-9083-4CB0-8A2D-6A75B147D459}.Debug|Win32.ActiveCfg = Debug|Win32
		{2D5AA5F5-9083-4CB0-8A2D-6A75B147D459}.Debug|Win32.Build.0 = Debug|Win32
		{2D5AA5F5-9083-4CB0-8A2D-6A75B147D459}.Debug|Win32.Deploy.0 = Debug|Win32
		{2D5AA5F5-9083-4CB0-8A2D-6A75B147D459}.Debug|x64.ActiveCfg = Debug|x64
		{2D5AA5F5-9083-4CB0-8A2D-6A75B147D459}.Debug|x64.Build.0 = Debug|x64
		{2D5AA5F5-9083-4CB0-8A2D-6A75B147D459}.Debug|x64.Deploy.0 = Debug|x64
		{2D5AA5F5-9083-4CB0-8A2D-6A75B147D459}.Release|Win32.ActiveCfg = Release|Win32
		{2D5AA5F5-9083-4CB0-8A2D-6A75B147D459}.Release|Win32.Build.0 = Release|Win32
		{2D5AA5F5-9083-4CB0-8A2D-6A75B147D459}.Release|Win32.Deploy.0 = Release|Win32
		{2D5AA5F5-9083-4CB0-8A2D-6A75B147D459}.Release|x64.ActiveCfg = Release|x64
		{2D5AA5F5-9083-4CB0-8A2D-6A75B147D459}.Release|x64.Build.0 = Release|x64
		{2D5AA5F5-9083-4CB0-8A2D-6A75B147D459}.Release|x64.Deploy.0 = Release|x64
		{5BE3BF73-D8CA-4760-B6F5-2FB3926CC614}.Debug|Win32.ActiveCfg = Debug|Win32
		{5BE3BF73-D8CA-4760-B6F5-2FB3926CC614}.Debug|Win32.Build.0 = Debug|Win32
		{5BE3BF73-D8CA-4760-B6F5-2FB3926CC614}.Debug|Win32.Deploy.0 = Debug|Win32
		{5BE3BF73-D8CA-4760-B6F5-2FB3926CC614}.Debug|x64.ActiveCfg = Debug|x64
		{5BE3BF73-D8CA-4760-B6F5-2FB3926CC614}.Debug|x64.Build.0 = Debug|x64
		{5BE3BF73-D8CA-4760-B6F5-2FB3926CC614}.Debug|x64.Deploy.0 = Debug|x64
		{5BE3BF73-D8CA-4760-B6F5-2FB3926CC614}.Release|Win32.ActiveCfg = Release|Win32
		{5BE3BF73-D8CA-4760-B6F5-2FB3926CC614}.Release|Win32.Build.0 = Release|Win32
		{5BE3BF73-D8CA-4760-B6F5-2FB3926CC614}.Release|Win32.Deploy.0 = Release|Win32
		{5BE3BF73-D8CA-4760-B6F5-2FB3926CC614}.Release|x64.ActiveCfg = Release|x64
		{5BE3BF73-D8CA-4760-B6F5-2FB3926CC614}.Release|x64.Build.0 = Release|x64
		{5BE3BF73-D8CA-4760-B6F5-2FB3926CC614}.Release|x64.Deploy.0 = Release|x64
		{33375842-3074-4BE7-9E3C-EA6FF96C006E}.Debug|Win32.ActiveCfg = Debug|Win32
		{33375842-3074-4BE7-9E3C-EA6FF96C006E}.Debug|Win32.Build.0 = Debug|Win32
		{33375842-3074-4BE7-9E3C-EA6FF96C006E}.Debug|Win32.Deploy.0 = Debug|Win32
		{33375842-3074-4BE7-9E3C-EA6FF96C006E}.Debug|x64.ActiveCfg = Debug|x64
		{33375842-3074-4BE7-9E3C-EA6FF96C006E}.Debug|x64.Build.0 = Debug|x64
		{33375842-3074-4BE7-9E3C-EA6FF96C006E}.Debug|x64.Deploy.0 = Debug|x64
		{33375842-3074-4BE7-9E3C-EA6FF96C006E}.Release|Win32.ActiveCfg = Release|Win32
		{33375842-3074-4BE7-9E3C-EA6FF96C006E}.Release|Win32.Build.0 = Release|Win32
		{33375842-3074-4BE7-9E3C-EA6FF96C006E}.Release|Win32.Deploy.0 = Release|Win32
		{33375842-3074-4BE7-9E3C-EA6FF96C006E}.Release|x64.ActiveCfg = Release|x64
		{33375842-3074-4BE7-9E3C-EA6FF96C006E}.Release|x64.Build.0 = Release|x64
		{33375842-3074-4BE7-9E3C-EA6FF96C006E}.Release|x64.Deploy.0 = Release|x64
		{CEB489EE-8F4D-471E-BED6-BE20F5BADB7C}.Debug|Win32.ActiveCfg = Debug|Win32
		{CEB489EE-8F4D-471E-BED6-BE20F5BADB7C}.Debug|Win32.Build.0 = Debug|Win32
		{CEB489EE-8F4D-471E-BED6-BE20F5BADB7C}.Debug|Win32.Deploy.0 = Debug|Win32
		{CEB489EE-8F4D-471E-BED6-BE20F5BADB7C}.Debug|x64.ActiveCfg = Debug|x64
		{CEB489EE-8F4D-471E-BED6-BE20F5BADB7C}.Debug|x64.Build.0 = Debug|x64
		{CEB489EE-8F4D-471E-BED6-BE20F5BADB7C}.Debug|x64.Deploy.0 = Debug|x64
		{CEB489EE-8F4D-471E-BED6-BE20F5BADB7C}.Release|Win32.ActiveCfg = Release|Win32
		{CEB489EE-8F4D-471E-BED6-BE20F5BADB7C}.Release|Win32.Build.0 = Release|Win32
		{CEB489EE-8F4D-471E-BED6-BE20F5BADB7C}.Release|Win32.Deploy.0 = Release|Win32
		{CEB489EE-8F4D-471E-BED6-BE20F5BADB7C}.Release|x64.ActiveCfg = Release|x64
		{CEB489EE-8F4D-471E-BED6-BE20F5BADB7C}.Release|x64.Build.0 = Release|x64
		{CEB489EE-8F4D-471E-BED6-BE20F5BADB7C}.Release|x64.Deploy.0 = Release|x64
		{72150A39-85BF-423E-9A69-1BB5316DF710}.Debug|Win32.ActiveCfg = Debug|Win32
		{72150A39-85BF-423E-9A69-1BB5316DF710}.Debug|Win32.Build.0 = Debug|Win32
		{72150A39-85BF-423E-9A69-1BB5316DF710}.Debug|Win32.Deploy.0 = Debug|Win32
		{72150A39-85BF-423E-9A69-1BB5316DF710}.Debug|x64.ActiveCfg = Debug|x64
		{72150A39-85BF-423E-9A69-1BB5316DF710}.Debug|x64.Build.0 = Debug|x64
		{72150A39-85BF-423E-9A69-1BB5316DF710}.Debug|x64.Deploy.0 = Debug|x64
		{72150A39-85BF-423E-9A69-1BB5316DF710}.Release|Win32.ActiveCfg = Release|Win32
		{72150A39-85BF-423E-9A69-1BB5316DF710}.Release|Win32.Build.0 = Release|Win32
		{72150A39-85BF-423E-9A69-1BB5316DF710}.Release|Win32.Deploy.0 = Release|Win32
		{72150A39-85BF-423E-9A69-1BB5316DF710}.Release|x64.ActiveCfg = Release|x64
		{72150A39-85BF-423E-9A69-1BB5316DF710}.Release|x64.Build.0 = Release|x64
		{72150A39-85BF-423E-9A69-1BB5316DF710}.Release|x64.Deploy.0 = Release|x64
		{68F2BCFA-2F27-4B62-978A-CFFE2D8BCDD0}.Debug|Win32.ActiveCfg = Debug|Win32
		{68F2BCFA-2F27-4B62-978A-CFFE2D8BCDD0}.Debug|Win32.Build.0 = Debug|Win32
		{68F2BCFA-2F27-4B62-978A-CFFE2D8BCDD0}.Debug|Win32.Deploy.0 = Debug|Win32
		{68F2BCFA-2F27-4B62-978A-CFFE2D8BCDD0}.Debug|x64.ActiveCfg = Debug|x64
		{68F2BCFA-2F27-4B62-978A-CFFE2D8BCDD0}.Debug|x64.Build.0 = Debug|x64
		{68F2BCFA-2F27-4B62-978A-CFFE2D8BCDD0}.Debug|x64.Deploy.0 = Debug|x64
		{68F2BCFA-2F27-4B62-978A-CFFE2D8BCDD0}.Release|Win32.ActiveCfg = Release|Win32
		{68F2BCFA-2F27-4B62-978A-CFFE2D8BCDD0}.Release|Win32.Build.0 = Release|Win32
		{68F2BCFA-2F27-4B62-978A-CFFE2D8BCDD0}.Release|Win32.Deploy.0 = Release|Win32
		{68F2BCFA-2F27-4B62-978A-CFFE2D8BCDD0}.Release|x64.ActiveCfg = Release|x64
		{68F2BCFA-2F27-4B62-978A-CFFE2D8BCDD0}.Release|x64.Build.0 = Release|x64
		{68F2BCFA-2F27-4B62-978A-CFFE2D8BCDD0}.Release|x64.Deploy.0 = Release|x64
		{F6E208E9-D284-4439-B2BF-ADC86076C507}.Debug|Win32.ActiveCfg = Debug|Win32
		{F6E208E9-D284-4439-B2BF-ADC86076C507}.Debug|Win32.Build.0 = Debug|Win32
		{F6E208E9-D284-4439-B2BF-ADC86076C507}.Debug|Win32.Deploy.0 = Debug|Win32
		{F6E208E9-D284-4439-B2BF-ADC86076C507}.Debug|x64.ActiveCfg = Debug|x64
		{F6E208E9-D284-4439-B2BF-ADC86076C507}.Debug|x64.Build.0 = Debug|x64
		{F6E208E9-D284-4439-B2BF-ADC86076C507}.Debug|x64.Deploy.0 = Debug|x64
		{F6E208E9-D284-4439-B2BF-ADC86076C507}.Release|Win32.ActiveCfg = Release|Win32
		{F6E208E9-D284-4439-B2BF-ADC86076C507}.Release|Win32.Build.0 = Release|Win32
		{F6E208E9-D284-4439-B2BF-ADC86076C507}.Release|Win32.Deploy.0 = Release|Win32
		{F6E208E9-D284-4439-B2BF-ADC86076C507}.Release|x64.ActiveCfg = Release|x64
		{F6E208E9-D284-4439-B2BF-ADC86076C507}.Release|x64.Build.0 = Release|x64
		{F6E208E9-D284-4439-B2BF-ADC86076C507}.Release|x64.Deploy.0 = Release|x64
		{1690A1A8-AFF6-4BB7-92C0-7BD20C1331A2}.Debug|Win32.ActiveCfg = Debug|Win32
		{1690A1A8-AFF6-4BB7-92C0-7BD20C1331A2}.Debug|Win32.Build.0 = Debug|Win32
		{1690A1A8-AFF6-4BB7-92C0-7BD20C1331A2}.Debug|Win32.Deploy.0 = Debug|Win32
		{1690A1A8-AFF6-4BB7-92C0-7BD20C1331A2}.Debug|x64.ActiveCfg = Debug|x64
		{1690A1A8-AFF6-4BB7-92C0-7BD20C1331A2}.Debug|x64.Build.0 = Debug|x64
		{1690A1A8-AFF6-4BB7-92C0-7BD20C1331A2}.Debug|x64.Deploy.0 = Debug|x64
		{1690A1A8-AFF6-4BB7-92C0-7BD20C1331A2}.Release|Win32.ActiveCfg = Release|Win32
		{1690A1A8-AFF6-4BB7-92C0-7BD20C1331A2}.Release|Win32.Build.0 = Release|Win32
		{1690A1A8-AFF6-4BB7-92C0-7BD20C1331A2}.Release|Win32.Deploy.0 = Release|Win32
		{1690A1A8-AFF6-4BB7-92C0-7BD20C1331A2}.Release|x64.ActiveCfg = Release|x64
		{1690A1A8-AFF6-4BB7-92C0-7BD20C1331A2}.Release|x64.Build.0 = Release|x64
		{1690A1A8-AFF6-4BB7-92C0-7BD20C1331A2}.Release|x64.Deploy.0 = Release|x64
		{A418857A-B2E8-4582-A679-1FF6A20190A4}.Debug|Win32.ActiveCfg = Debug|Win32
		{A418857A-B2E8-4582-A679-1FF6A20190A4}.Debug|Win32.Build.0 = Debug|Win32
		{A418857A-B2E8-4582-A679-1FF6A20190A4}.Debug|Win32.Deploy.0 = Debug|Win32
		{A418857A-B2E8-4582-A679-1FF6A20190A4}.Debug|x64.ActiveCfg = Debug|x64
		{A418857A-B2E8-4582-A679-1FF6A20190A4}.Debug|x64.Build.0 = Debug|x64
		{A418857A-B2E8-4582-A679-1FF6A20190A4}.Debug|x64.Deploy.0 = Debug|x64
		{A418857A-B2E8-4582-A679-1FF6A20190A4}.Release|Win32.ActiveCfg = Release|Win32
		{A418857A-B2E8-4582-A679-1FF6A20190A4}.Release|Win32.Build.0 = Release|Win32
		{A418857A-B2E8-4582-A679-1FF6A20190A4}.Release|Win32.Deploy.0 = Release|Win32
		{A418857A-B2E8-4582-A679-1FF6A20190A4}.Release|x64.ActiveCfg = Release|x64
		{A418857A-B2E8-4582-A679-1FF6A20190A4}.Release|x64.Build.0 = Release|x64
		{A418857A-B2E8-4582-A679-1FF6A20190A4}.Release|x64.Deploy.0 = Release|x64
		{CD503834-25B3-48B3-B780-EB81F10EA4E8}.Debug|Win32.ActiveCfg = Debug|Win32
		{CD503834-25B3-48B3-B780-EB81F10EA4E8}.Debug|Win32.Build.0 = Debug|Win32
		{CD503834-25B3-48B3-B780-EB81F10EA4E8}.Debug|Win32.Deploy.0 = Debug|Win32
		{CD503834-25B3-48B3-B780-EB81F10EA4E8}.Debug|x64.ActiveCfg = Debug|x64
		{CD503834-25B3-48B3-B780-EB81F10EA4E8}.Debug|x64.Build.0 = Debug|x64
		{CD503834-25B3-48B3-B780-EB81F10EA4E8}.Debug|x64.Deploy.0 = Debug|x64
		{CD503834-25B3-48B3-B780-EB81F10EA4E8}.Release|Win32.ActiveCfg = Release|Win32
		{CD503834-25B3-48B3-B780-EB81F10EA4E8}.Release|Win32.Build.0 = Release|Win32
		{CD503834-25B3-48B3-B780-EB81F10EA4E8}.Release|Win32.Deploy.0 = Release|Win32
		{CD503834-25B3-48B3-B780-EB81F10EA4E8}.Release|x64.ActiveCfg = Release|x64
		{CD503834-25B3-48B3-B780-EB81F10EA4E8}.Release|x64.Build.0 = Release|x64
		{CD503834-25B3-48B3-B780-EB81F10EA4E8}.Release|x64.Deploy.0 = Release|x64
		{F6102B72-56CA-4344-91D4-F3A42A49A0B4}.Debug|Win32.ActiveCfg = Debug|Win32
		{F6102B72-56CA-4344-91D4-F3A42A49A0B4}.Debug|Win32.Build.0 = Debug|Win32
		{F6102B72-56CA-4344-91D4-F3A42A49A0B4}.Debug|Win32.Deploy.0 = Debug|Win32
		{F6102B72-56CA-4344-91D4-F3A42A49A0B4}.Debug|x64.ActiveCfg = Debug|x64
		{F6102B72-56CA-4344-91D4-F3A42A49A0B4}.Debug|x64.Build.0 = Debug|x64
		{F6102B72-56CA-4344-91D4-F3A42A49A0B4}.Debug|x64.Deploy.0 = Debug|x64
		{F6102B72-56CA-4344-91D4-F3A42A49A0B4}.Release|Win32.ActiveCfg = Release|Win32
		{F6102B72-56CA-4344-91D4-F3A42A49A0B4}.Release|Win32.Build.0 = Release|Win32
		{F6102B72-56CA-4344-91D4-F3A42A49A0B4}.Release|Win32.Deploy.0 = Release|Win32
		{F6102B72-56CA-4344-91D4-F3A42A49A0B4}.Release|x64.ActiveCfg = Release|x64
		{F6102B72-56CA-4344-91D4-F3A42A49A0B4}.Release|x64.Build.0 = Release|x64
		{F6102B72-56CA-4344-91D4-F3A42A49A0B4}.Release|x64.Deploy.0 = Release|x64
		{51FB49B4-7930-484A-BBCD-DAB07633BB54}.Debug|Win32.ActiveCfg = Debug|Win32
		{51FB49B4-7930-484A-BBCD-DAB07633BB54}.Debug|Win32.Build.0 = Debug|Win32
		{51FB49B4-7930-484A-BBCD-DAB07633BB54}.Debug|Win32.Deploy.0 = Debug|Win32
		{51FB49B4-7930-484A-BBCD-DAB07633BB54}.Debug|x64.ActiveCfg = Debug|x64
		{51FB49B4-7930-484A-BBCD-DAB07633BB54}.Debug|x64.Build.0 = Debug|x64
		{51FB49B4-7930-484A-BBCD-DAB07633BB54}.Debug|x64.Deploy.0 = Debug|x64
		{51FB49B4-7930-484A-BBCD-DAB07633BB54}.Release|Win32.ActiveCfg = Release|Win32
		{51FB49B4-7930-484A-BBCD-DAB07633BB54}.Release|Win32.Build.0 = Release|Win32
		{51FB49B4-7930-484A-BBCD-DAB07633BB54}.Release|Win32.Deploy.0 = Release|Win32
		{51FB49B4-7930-484A-BBCD-DAB07633BB54}.Release|x64.ActiveCfg = Release|x64
		{51FB49B4-7930-484A-BBCD-DAB07633BB54}.Release|x64.Build.0 = Release|x64
		{51FB49B4-7930-484A-BBCD-DAB07633BB54}.Release|x64.Deploy.0 = Release|x64
	EndGlobalSection
	GlobalSection(SolutionProperties) = preSolution
		HideSolutionNode = FALSE
	EndGlobalSection
EndGlobal
